version = 1
revision = 1
requires-python = ">=3.11"

[[package]]
name = "anyio"
version = "4.8.0"
source = { registry = "https://pypi.org/simple" }
dependencies = [
    { name = "idna" },
    { name = "sniffio" },
    { name = "typing-extensions", marker = "python_full_version < '3.13'" },
]
sdist = { url = "https://files.pythonhosted.org/packages/a3/73/199a98fc2dae33535d6b8e8e6ec01f8c1d76c9adb096c6b7d64823038cde/anyio-4.8.0.tar.gz", hash = "sha256:1d9fe889df5212298c0c0723fa20479d1b94883a2df44bd3897aa91083316f7a", size = 181126 }
wheels = [
    { url = "https://files.pythonhosted.org/packages/46/eb/e7f063ad1fec6b3178a3cd82d1a3c4de82cccf283fc42746168188e1cdd5/anyio-4.8.0-py3-none-any.whl", hash = "sha256:b5011f270ab5eb0abf13385f851315585cc37ef330dd88e27ec3d34d651fd47a", size = 96041 },
]

[[package]]
name = "certifi"
version = "2025.1.31"
source = { registry = "https://pypi.org/simple" }
sdist = { url = "https://files.pythonhosted.org/packages/1c/ab/c9f1e32b7b1bf505bf26f0ef697775960db7932abeb7b516de930ba2705f/certifi-2025.1.31.tar.gz", hash = "sha256:3d5da6925056f6f18f119200434a4780a94263f10d1c21d032a6f6b2baa20651", size = 167577 }
wheels = [
    { url = "https://files.pythonhosted.org/packages/38/fc/bce832fd4fd99766c04d1ee0eead6b0ec6486fb100ae5e74c1d91292b982/certifi-2025.1.31-py3-none-any.whl", hash = "sha256:ca78db4565a652026a4db2bcdf68f2fb589ea80d0be70e03929ed730746b84fe", size = 166393 },
]

[[package]]
name = "h11"
version = "0.14.0"
source = { registry = "https://pypi.org/simple" }
sdist = { url = "https://files.pythonhosted.org/packages/f5/38/3af3d3633a34a3316095b39c8e8fb4853a28a536e55d347bd8d8e9a14b03/h11-0.14.0.tar.gz", hash = "sha256:8f19fbbe99e72420ff35c00b27a34cb9937e902a8b810e2c88300c6f0a3b699d", size = 100418 }
wheels = [
    { url = "https://files.pythonhosted.org/packages/95/04/ff642e65ad6b90db43e668d70ffb6736436c7ce41fcc549f4e9472234127/h11-0.14.0-py3-none-any.whl", hash = "sha256:e3fe4ac4b851c468cc8363d500db52c2ead036020723024a109d37346efaa761", size = 58259 },
]

[[package]]
name = "httpcore"
version = "1.0.7"
source = { registry = "https://pypi.org/simple" }
dependencies = [
    { name = "certifi" },
    { name = "h11" },
]
sdist = { url = "https://files.pythonhosted.org/packages/6a/41/d7d0a89eb493922c37d343b607bc1b5da7f5be7e383740b4753ad8943e90/httpcore-1.0.7.tar.gz", hash = "sha256:8551cb62a169ec7162ac7be8d4817d561f60e08eaa485234898414bb5a8a0b4c", size = 85196 }
wheels = [
    { url = "https://files.pythonhosted.org/packages/87/f5/72347bc88306acb359581ac4d52f23c0ef445b57157adedb9aee0cd689d2/httpcore-1.0.7-py3-none-any.whl", hash = "sha256:a3fff8f43dc260d5bd363d9f9cf1830fa3a458b332856f34282de498ed420edd", size = 78551 },
]

[[package]]
name = "httpx"
version = "0.28.1"
source = { registry = "https://pypi.org/simple" }
dependencies = [
    { name = "anyio" },
    { name = "certifi" },
    { name = "httpcore" },
    { name = "idna" },
]
sdist = { url = "https://files.pythonhosted.org/packages/b1/df/48c586a5fe32a0f01324ee087459e112ebb7224f646c0b5023f5e79e9956/httpx-0.28.1.tar.gz", hash = "sha256:75e98c5f16b0f35b567856f597f06ff2270a374470a5c2392242528e3e3e42fc", size = 141406 }
wheels = [
    { url = "https://files.pythonhosted.org/packages/2a/39/e50c7c3a983047577ee07d2a9e53faf5a69493943ec3f6a384bdc792deb2/httpx-0.28.1-py3-none-any.whl", hash = "sha256:d909fcccc110f8c7faf814ca82a9a4d816bc5a6dbfea25d6591d6985b8ba59ad", size = 73517 },
]

[[package]]
name = "idna"
version = "3.10"
source = { registry = "https://pypi.org/simple" }
sdist = { url = "https://files.pythonhosted.org/packages/f1/70/7703c29685631f5a7590aa73f1f1d3fa9a380e654b86af429e0934a32f7d/idna-3.10.tar.gz", hash = "sha256:12f65c9b470abda6dc35cf8e63cc574b1c52b11df2c86030af0ac09b01b13ea9", size = 190490 }
wheels = [
    { url = "https://files.pythonhosted.org/packages/76/c6/c88e154df9c4e1a2a66ccf0005a88dfb2650c1dffb6f5ce603dfbd452ce3/idna-3.10-py3-none-any.whl", hash = "sha256:946d195a0d259cbba61165e88e65941f16e9b36ea6ddb97f00452bae8b1287d3", size = 70442 },
]

[[package]]
name = "objprint"
version = "0.3.0"
source = { registry = "https://pypi.org/simple" }
sdist = { url = "https://files.pythonhosted.org/packages/81/b8/c10e96120f1585824a1992655334b49da3924edfb364e84a26cc0ecdb89b/objprint-0.3.0.tar.gz", hash = "sha256:b5d83f9d62db5b95353bb42959106e1cd43010dcaa3eed1ad8d7d0b2df9b2d5a", size = 47481 }
wheels = [
    { url = "https://files.pythonhosted.org/packages/ec/af/572825252f16f36eeecbc8e3b721913d2640d69b984fdb8907aa8b4b0975/objprint-0.3.0-py3-none-any.whl", hash = "sha256:489083bfc8baf0526f8fd6af74673799511532636f0ce4141133255ded773405", size = 41619 },
]

[[package]]
name = "sniffio"
version = "1.3.1"
source = { registry = "https://pypi.org/simple" }
sdist = { url = "https://files.pythonhosted.org/packages/a2/87/a6771e1546d97e7e041b6ae58d80074f81b7d5121207425c964ddf5cfdbd/sniffio-1.3.1.tar.gz", hash = "sha256:f4324edc670a0f49750a81b895f35c3adb843cca46f0530f79fc1babb23789dc", size = 20372 }
wheels = [
    { url = "https://files.pythonhosted.org/packages/e9/44/75a9c9421471a6c4805dbf2356f7c181a29c1879239abab1ea2cc8f38b40/sniffio-1.3.1-py3-none-any.whl", hash = "sha256:2f6da418d1f1e0fddd844478f41680e794e6051915791a034ff65e5f100525a2", size = 10235 },
]

[[package]]
name = "tieba-sign"
version = "0.3.0"
source = { editable = "." }
dependencies = [
    { name = "httpx" },
]

[package.dev-dependencies]
dev = [
    { name = "viztracer" },
]

[package.metadata]
requires-dist = [{ name = "httpx", specifier = ">=0.28.1" }]

[package.metadata.requires-dev]
dev = [{ name = "viztracer", specifier = ">=1.0.3" }]

[[package]]
name = "typing-extensions"
version = "4.12.2"
source = { registry = "https://pypi.org/simple" }
sdist = { url = "https://files.pythonhosted.org/packages/df/db/f35a00659bc03fec321ba8bce9420de607a1d37f8342eee1863174c69557/typing_extensions-4.12.2.tar.gz", hash = "sha256:1a7ead55c7e559dd4dee8856e3a88b41225abfe1ce8df57b7c13915fe121ffb8", size = 85321 }
wheels = [
    { url = "https://files.pythonhosted.org/packages/26/9f/ad63fc0248c5379346306f8668cda6e2e2e9c95e01216d2b8ffd9ff037d0/typing_extensions-4.12.2-py3-none-any.whl", hash = "sha256:04e5ca0351e0f3f85c6853954072df659d0d13fac324d0072316b67d7794700d", size = 37438 },
]

[[package]]
name = "viztracer"
version = "1.0.3"
source = { registry = "https://pypi.org/simple" }
dependencies = [
    { name = "objprint" },
]
sdist = { url = "https://files.pythonhosted.org/packages/5d/01/3e7d7d1b555fa120340a0927d67ff93604ee738b11794b7c4072f1dfa0ea/viztracer-1.0.3.tar.gz", hash = "sha256:1e37da741242d63ce2be0c6d7878aba7267e9cd2592c5823c2383128ea5b943a", size = 14272944 }
wheels = [
    { url = "https://files.pythonhosted.org/packages/17/b4/70bae6b3f281af50c822d1b7fdcdb28098afa26acc9604b41455bdeba921/viztracer-1.0.3-cp311-cp311-macosx_11_0_arm64.whl", hash = "sha256:1ce5ea8aac5bffd5d469d1166086507439c4caa0da970cff094900078feca811", size = 14438920 },
    { url = "https://files.pythonhosted.org/packages/7a/1e/58ee5c775e34fdc47b2c216ec5c4575fa1e4ef79d49c5b8d4d07f822ac54/viztracer-1.0.3-cp311-cp311-macosx_11_0_x86_64.whl", hash = "sha256:29fabfc27800641e6fe3e139c7197ece6f05004e17e8a4346209feac8f90fb00", size = 14438207 },
    { url = "https://files.pythonhosted.org/packages/65/76/650eeb109c9920cedac53b490a3115741778610221152eb163838def3970/viztracer-1.0.3-cp311-cp311-manylinux_2_17_aarch64.manylinux2014_aarch64.whl", hash = "sha256:4ca0697b2681b9ee18f06681494757046c6cdc4488d79683f85b0770f6676d5b", size = 14551749 },
    { url = "https://files.pythonhosted.org/packages/62/0d/ab34e590daf0146bd844652936c3e6af3422a6feb48caa7158d3bdb67059/viztracer-1.0.3-cp311-cp311-manylinux_2_17_i686.manylinux2014_i686.whl", hash = "sha256:0bd38b802105d69d905a8211d5a56f20398238ef5d5b45e61eaa4126d81e82bd", size = 14546547 },
    { url = "https://files.pythonhosted.org/packages/e7/36/17fa19f4281d88c41e9733025e2394a4496411794a82d86bcc7ddb317ed3/viztracer-1.0.3-cp311-cp311-manylinux_2_17_x86_64.manylinux2014_x86_64.whl", hash = "sha256:f3aea8763ef5786e4288efe7c2833e77bb3ca41749835e3af0780a1ddc47d5e6", size = 14556822 },
    { url = "https://files.pythonhosted.org/packages/8f/73/23a22b345fd4288d29490dcf24575ef4708c7294aa92779f84b98f959dde/viztracer-1.0.3-cp311-cp311-win32.whl", hash = "sha256:3173d777a22661f9034acec3ad092e1359bc793617c4ac8b535c021bdf6f2d83", size = 14601702 },
    { url = "https://files.pythonhosted.org/packages/5d/e1/d383b97b0fdc8f4e8ca4070eb2f5ae738a9115d14866fb454924bd6dc6c1/viztracer-1.0.3-cp311-cp311-win_amd64.whl", hash = "sha256:68726e92838c2ba7e6cfeb812274fedc7d1db44dafd5a3e7007ecce9baed34cc", size = 14604431 },
    { url = "https://files.pythonhosted.org/packages/08/12/ad1e476ec9898005f15b1da2278cc27fecffa8d95c1b9521f51eed8eb165/viztracer-1.0.3-cp312-cp312-macosx_11_0_arm64.whl", hash = "sha256:ba474dce78737a55dea26904d96d65abd7e265ee27f7846c57c0da0c40ee9fbc", size = 14439126 },
    { url = "https://files.pythonhosted.org/packages/a1/21/4616d015757afc60312e154158abf500511127aa8fbc37fb7d7a29cb3300/viztracer-1.0.3-cp312-cp312-macosx_11_0_x86_64.whl", hash = "sha256:1a89ab9ab327b1612e59334082fbeb28ef4c74b4c89f98186b197c341f26fce1", size = 14438956 },
    { url = "https://files.pythonhosted.org/packages/2a/39/bbdddf8fa144dc5732f42f7148120b4586dfd18c6102c10ffffeffbe1ee0/viztracer-1.0.3-cp312-cp312-manylinux_2_17_i686.manylinux2014_i686.whl", hash = "sha256:262cc4f8d0572295df31b95e54153120b0e8a4d8ac8b689edfd505d047b3e079", size = 14554674 },
    { url = "https://files.pythonhosted.org/packages/66/c0/ad422516329cd3ff95aa0b7814adca255998405e4229ae332a7d4dfdf3f0/viztracer-1.0.3-cp312-cp312-manylinux_2_17_x86_64.manylinux2014_x86_64.whl", hash = "sha256:8f19c38772a16b706193662c62fd449d08bf243a123a12f24a8d5ebdc344b636", size = 14566572 },
    { url = "https://files.pythonhosted.org/packages/83/21/fe038d5243f78001aebdbcd36f7c5af41c631ea615f9ab91ca618ac5272e/viztracer-1.0.3-cp312-cp312-win32.whl", hash = "sha256:bcef27e88ef564895209415463fb43d003048c9e799cfd3c10eb1c38f51fa101", size = 14602979 },
    { url = "https://files.pythonhosted.org/packages/3e/30/58a47010407c00ef3ccc3177cc82ba98ce01afa285254298d5e51eed6cb9/viztracer-1.0.3-cp312-cp312-win_amd64.whl", hash = "sha256:6c19abb195efb1cb4ccf83ec8826d9de00eff9a5ede7220b781d7a4eb5f27fa0", size = 14605714 },
    { url = "https://files.pythonhosted.org/packages/59/9f/3f98961078f216294dcf51b07eb96804c6d32a39a6eec53481a25cb37d65/viztracer-1.0.3-cp313-cp313-macosx_11_0_arm64.whl", hash = "sha256:6dc236dcd3040dee579a195cfda5e225c73d24c8301b3a6ba1f699bc0dec9fe4", size = 14439136 },
    { url = "https://files.pythonhosted.org/packages/be/fa/468497cdbefbc661753e7b077dea4264063cbb36b959fd09cb60dba3585b/viztracer-1.0.3-cp313-cp313-macosx_11_0_x86_64.whl", hash = "sha256:a9f465d21523d605b644072819422831e1c8bcef68a38585fd9eccb67368568e", size = 14438995 },
    { url = "https://files.pythonhosted.org/packages/e4/37/17acf5e9c0d330d6b496742539cff4f19578f1ddef48872852e47da9b8ab/viztracer-1.0.3-cp313-cp313-manylinux_2_17_i686.manylinux2014_i686.whl", hash = "sha256:ec9c31394e1eaf19d633f5a588367622c4d66a3c6527e98711db0fa1e2cccf46", size = 14554544 },
    { url = "https://files.pythonhosted.org/packages/82/84/32c77af78a274b6c1da4dcd3900fb7a756b2281eaf2af2aaa3a4e8b5a01b/viztracer-1.0.3-cp313-cp313-manylinux_2_17_x86_64.manylinux2014_x86_64.whl", hash = "sha256:895b698a2b724a7ff18516bb025ca2aecc3ff345544c8502f5abf57d670d43fe", size = 14566601 },
    { url = "https://files.pythonhosted.org/packages/63/c2/1671012be07af40f992d87a70520bc7d83340b40c396e11d06ead472ff1f/viztracer-1.0.3-cp313-cp313-win32.whl", hash = "sha256:663c0ddc48522fa95fed519cacf5fee9e41536b9ecc46ef4d978237d6ad93268", size = 14602983 },
    { url = "https://files.pythonhosted.org/packages/3b/f0/bdec7b8f6dbc69a7e614963852ec9b9ab46db1e6851f070132a28f0e9851/viztracer-1.0.3-cp313-cp313-win_amd64.whl", hash = "sha256:ea3afbb3abcfede0fe82c17f93b5e54e6f8fa1ca86fcf450c6e5759db5c34028", size = 14605597 },
    { url = "https://files.pythonhosted.org/packages/00/a6/fea88b9a4dd72d9d7e234d7b87823287666f864c9f348d2cca1f4246b23d/viztracer-1.0.3-cp313-cp313t-macosx_11_0_arm64.whl", hash = "sha256:8a47f550641a8003ba5fbc28fbe6d8b25fde37ae8720341d4f6ca2771ed13434", size = 14441854 },
    { url = "https://files.pythonhosted.org/packages/6b/43/4e1ba851302b4319cb526ba096172c92f2918eefee73b1c0241afa101cfb/viztracer-1.0.3-cp313-cp313t-macosx_11_0_x86_64.whl", hash = "sha256:d09b680f5041148c228a2099bb11bdb1ff9a14b476477b507274a64173d1d749", size = 14441669 },
    { url = "https://files.pythonhosted.org/packages/95/a1/bb4f3730ed5a40dc33d33e9d85cf10f46f17df69b130968a4cc35bb97c16/viztracer-1.0.3-cp313-cp313t-manylinux_2_17_i686.manylinux2014_i686.whl", hash = "sha256:982af1a1a2e93255a7caec4b73c52200f40ec21d01280e99e5d542ce62b6982d", size = 14597088 },
    { url = "https://files.pythonhosted.org/packages/5b/63/ac19cb1acd266911c397d1a2cec3a55ce9a639aa6045fc38e0f3be3dc7a3/viztracer-1.0.3-cp313-cp313t-manylinux_2_17_x86_64.manylinux2014_x86_64.whl", hash = "sha256:6cd70946a1bfc850ae037745c52c00ad247ea1f18e2a01c7b2d10c627e0d1a77", size = 14608662 },
    { url = "https://files.pythonhosted.org/packages/c5/0f/c9903690534672098ae5b963ce4cf815b6093c3e6edcc3b018f1670b6dbe/viztracer-1.0.3-cp313-cp313t-win32.whl", hash = "sha256:b74455007cbbea7ab4758e0e0fe5a35f7ff822c86dc6a0306075cf9b767a2ad9", size = 14606962 },
    { url = "https://files.pythonhosted.org/packages/2b/fc/be9a36c36b54f4e5023c2e061481f4bcf95236d9054eb378775a79a963a1/viztracer-1.0.3-cp313-cp313t-win_amd64.whl", hash = "sha256:4b237c343b2cd9ac261ef9ff4a1c0505918031baf617cfc05842f295d50e8378", size = 14610317 },
]
